# This file is automatically @generated by Cargo.
# It is not intended for manual editing.
version = 4

[[package]]
name = "vectr-cli"
version = "0.1.0"

[[package]]
name = "vectr-core"
version = "0.1.0"

[[package]]
name = "vectr-eval"
version = "0.1.0"

[[package]]
name = "vectr-mcp"
version = "0.1.0"
